PODS:
  - ArcGIS-Runtime-SDK-iOS (100.1.0)
  - HDAugmentedReality (2.2.1)

DEPENDENCIES:
  - ArcGIS-Runtime-SDK-iOS (= 100.1)
  - HDAugmentedReality (~> 2.2)

SPEC CHECKSUMS:
  ArcGIS-Runtime-SDK-iOS: 9b9c2478c974ef0b704b853948a19227f3124ceb
  HDAugmentedReality: 1d4edf25e0f74c02a37126dd374004ce9d8ea326

PODFILE CHECKSUM: 262adcadb22ead9b701319200ed9c5981d9dd762

COCOAPODS: 1.2.1
